// !$*UTF8*$!
{
	archiveVersion = 1;
	classes = {
	};
	objectVersion = 52;
	objects = {

/* Begin PBXBuildFile section */
		9424EF192423CB58004E5C24 /* AppDelegate.swift in Sources */ = {isa = PBXBuildFile; fileRef = 9424EF182423CB58004E5C24 /* AppDelegate.swift */; };
		9424EF1B2423CB58004E5C24 /* SceneDelegate.swift in Sources */ = {isa = PBXBuildFile; fileRef = 9424EF1A2423CB58004E5C24 /* SceneDelegate.swift */; };
		9424EF1D2423CB58004E5C24 /* ViewController.swift in Sources */ = {isa = PBXBuildFile; fileRef = 9424EF1C2423CB58004E5C24 /* ViewController.swift */; };
		9424EF202423CB58004E5C24 /* Main.storyboard in Resources */ = {isa = PBXBuildFile; fileRef = 9424EF1E2423CB58004E5C24 /* Main.storyboard */; };
		9424EF222423CB5B004E5C24 /* Assets.xcassets in Resources */ = {isa = PBXBuildFile; fileRef = 9424EF212423CB5B004E5C24 /* Assets.xcassets */; };
		945B40AF242B7BB50029C39E /* WebArchiver in Frameworks */ = {isa = PBXBuildFile; productRef = 945B40AE242B7BB50029C39E /* WebArchiver */; };
/* End PBXBuildFile section */

/* Begin PBXFileReference section */
		9424EF152423CB58004E5C24 /* OfflineWebView.app */ = {isa = PBXFileReference; explicitFileType = wrapper.application; includeInIndex = 0; path = OfflineWebView.app; sourceTree = BUILT_PRODUCTS_DIR; };
		9424EF182423CB58004E5C24 /* AppDelegate.swift */ = {isa = PBXFileReference; lastKnownFileType = sourcecode.swift; path = AppDelegate.swift; sourceTree = "<group>"; };
		9424EF1A2423CB58004E5C24 /* SceneDelegate.swift */ = {isa = PBXFileReference; lastKnownFileType = sourcecode.swift; path = SceneDelegate.swift; sourceTree = "<group>"; };
		9424EF1C2423CB58004E5C24 /* ViewController.swift */ = {isa = PBXFileReference; lastKnownFileType = sourcecode.swift; path = ViewController.swift; sourceTree = "<group>"; };
		9424EF1F2423CB58004E5C24 /* Base */ = {isa = PBXFileReference; lastKnownFileType = file.storyboard; name = Base; path = Base.lproj/Main.storyboard; sourceTree = "<group>"; };
		9424EF212423CB5B004E5C24 /* Assets.xcassets */ = {isa = PBXFileReference; lastKnownFileType = folder.assetcatalog; path = Assets.xcassets; sourceTree = "<group>"; };
		9424EF262423CB5B004E5C24 /* Info.plist */ = {isa = PBXFileReference; lastKnownFileType = text.plist.xml; path = Info.plist; sourceTree = "<group>"; };
/* End PBXFileReference section */

/* Begin PBXFrameworksBuildPhase section */
		9424EF122423CB58004E5C24 /* Frameworks */ = {
			isa = PBXFrameworksBuildPhase;
			buildActionMask = 2147483647;
			files = (
				945B40AF242B7BB50029C39E /* WebArchiver in Frameworks */,
			);
			runOnlyForDeploymentPostprocessing = 0;
		};
/* End PBXFrameworksBuildPhase section */

/* Begin PBXGroup section */
		9424EF0C2423CB58004E5C24 = {
			isa = PBXGroup;
			children = (
				9424EF172423CB58004E5C24 /* OfflineWebView */,
				9424EF162423CB58004E5C24 /* Products */,
			);
			sourceTree = "<group>";
		};
		9424EF162423CB58004E5C24 /* Products */ = {
			isa = PBXGroup;
			children = (
				9424EF152423CB58004E5C24 /* OfflineWebView.app */,
			);
			name = Products;
			sourceTree = "<group>";
		};
		9424EF172423CB58004E5C24 /* OfflineWebView */ = {
			isa = PBXGroup;
			children = (
				9424EF182423CB58004E5C24 /* AppDelegate.swift */,
				9424EF1A2423CB58004E5C24 /* SceneDelegate.swift */,
				9424EF1C2423CB58004E5C24 /* ViewController.swift */,
				9424EF1E2423CB58004E5C24 /* Main.storyboard */,
				9424EF212423CB5B004E5C24 /* Assets.xcassets */,
				9424EF262423CB5B004E5C24 /* Info.plist */,
			);
			path = OfflineWebView;
			sourceTree = "<group>";
		};
/* End PBXGroup section */

/* Begin PBXNativeTarget section */
		9424EF142423CB58004E5C24 /* OfflineWebView */ = {
			isa = PBXNativeTarget;
			buildConfigurationList = 9424EF292423CB5B004E5C24 /* Build configuration list for PBXNativeTarget "OfflineWebView" */;
			buildPhases = (
				9424EF112423CB58004E5C24 /* Sources */,
				9424EF122423CB58004E5C24 /* Frameworks */,
				9424EF132423CB58004E5C24 /* Resources */,
			);
			buildRules = (
			);
			dependencies = (
			);
			name = OfflineWebView;
			packageProductDependencies = (
				945B40AE242B7BB50029C39E /* WebArchiver */,
			);
			productName = OfflineWebView;
			productReference = 9424EF152423CB58004E5C24 /* OfflineWebView.app */;
			productType = "com.apple.product-type.application";
		};
/* End PBXNativeTarget section */

/* Begin PBXProject section */
		9424EF0D2423CB58004E5C24 /* Project object */ = {
			isa = PBXProject;
			attributes = {
				LastSwiftUpdateCheck = 1130;
				LastUpgradeCheck = 1130;
				ORGANIZATIONNAME = "Ernesto Elsaesser";
				TargetAttributes = {
					9424EF142423CB58004E5C24 = {
						CreatedOnToolsVersion = 11.3.1;
					};
				};
			};
			buildConfigurationList = 9424EF102423CB58004E5C24 /* Build configuration list for PBXProject "OfflineWebView" */;
			compatibilityVersion = "Xcode 9.3";
			developmentRegion = en;
			hasScannedForEncodings = 0;
			knownRegions = (
				en,
				Base,
			);
			mainGroup = 9424EF0C2423CB58004E5C24;
			packageReferences = (
				945B40AD242B7BB50029C39E /* XCRemoteSwiftPackageReference "WebArchiver" */,
			);
			productRefGroup = 9424EF162423CB58004E5C24 /* Products */;
			projectDirPath = "";
			projectRoot = "";
			targets = (
				9424EF142423CB58004E5C24 /* OfflineWebView */,
			);
		};
/* End PBXProject section */

/* Begin PBXResourcesBuildPhase section */
		9424EF132423CB58004E5C24 /* Resources */ = {
			isa = PBXResourcesBuildPhase;
			buildActionMask = 2147483647;
			files = (
				9424EF222423CB5B004E5C24 /* Assets.xcassets in Resources */,
				9424EF202423CB58004E5C24 /* Main.storyboard in Resources */,
			);
			runOnlyForDeploymentPostprocessing = 0;
		};
/* End PBXResourcesBuildPhase section */

/* Begin PBXSourcesBuildPhase section */
		9424EF112423CB58004E5C24 /* Sources */ = {
			isa = PBXSourcesBuildPhase;
			buildActionMask = 2147483647;
			files = (
				9424EF1D2423CB58004E5C24 /* ViewController.swift in Sources */,
				9424EF192423CB58004E5C24 /* AppDelegate.swift in Sources */,
				9424EF1B2423CB58004E5C24 /* SceneDelegate.swift in Sources */,
			);
			runOnlyForDeploymentPostprocessing = 0;
		};
/* End PBXSourcesBuildPhase section */

/* Begin PBXVariantGroup section */
		9424EF1E2423CB58004E5C24 /* Main.storyboard */ = {
			isa = PBXVariantGroup;
			children = (
				9424EF1F2423CB58004E5C24 /* Base */,
			);
			name = Main.storyboard;
			sourceTree = "<group>";
		};
/* End PBXVariantGroup section */

/* Begin XCBuildConfiguration section */
		9424EF272423CB5B004E5C24 /* Debug */ = {
			isa = XCBuildConfiguration;
			buildSettings = {
				ALWAYS_SEARCH_USER_PATHS = NO;
				CLANG_ANALYZER_NONNULL = YES;
				CLANG_ANALYZER_NUMBER_OBJECT_CONVERSION = YES_AGGRESSIVE;
				CLANG_CXX_LANGUAGE_STANDARD = "gnu++14";
				CLANG_CXX_LIBRARY = "libc++";
				CLANG_ENABLE_MODULES = YES;
				CLANG_ENABLE_OBJC_ARC = YES;
				CLANG_ENABLE_OBJC_WEAK = YES;
				CLANG_WARN_BLOCK_CAPTURE_AUTORELEASING = YES;
				CLANG_WARN_BOOL_CONVERSION = YES;
				CLANG_WARN_COMMA = YES;
				CLANG_WARN_CONSTANT_CONVERSION = YES;
				CLANG_WARN_DEPRECATED_OBJC_IMPLEMENTATIONS = YES;
				CLANG_WARN_DIRECT_OBJC_ISA_USAGE = YES_ERROR;
				CLANG_WARN_DOCUMENTATION_COMMENTS = YES;
				CLANG_WARN_EMPTY_BODY = YES;
				CLANG_WARN_ENUM_CONVERSION = YES;
				CLANG_WARN_INFINITE_RECURSION = YES;
				CLANG_WARN_INT_CONVERSION = YES;
				CLANG_WARN_NON_LITERAL_NULL_CONVERSION = YES;
				CLANG_WARN_OBJC_IMPLICIT_RETAIN_SELF = YES;
				CLANG_WARN_OBJC_LITERAL_CONVERSION = YES;
				CLANG_WARN_OBJC_ROOT_CLASS = YES_ERROR;
				CLANG_WARN_RANGE_LOOP_ANALYSIS = YES;
				CLANG_WARN_STRICT_PROTOTYPES = YES;
				CLANG_WARN_SUSPICIOUS_MOVE = YES;
				CLANG_WARN_UNGUARDED_AVAILABILITY = YES_AGGRESSIVE;
				CLANG_WARN_UNREACHABLE_CODE = YES;
				CLANG_WARN__DUPLICATE_METHOD_MATCH = YES;
				COPY_PHASE_STRIP = NO;
				DEBUG_INFORMATION_FORMAT = dwarf;
				ENABLE_STRICT_OBJC_MSGSEND = YES;
				ENABLE_TESTABILITY = YES;
				GCC_C_LANGUAGE_STANDARD = gnu11;
				GCC_DYNAMIC_NO_PIC = NO;
				GCC_NO_COMMON_BLOCKS = YES;
				GCC_OPTIMIZATION_LEVEL = 0;
				GCC_PREPROCESSOR_DEFINITIONS = (
					"DEBUG=1",
					"$(inherited)",
				);
				GCC_WARN_64_TO_32_BIT_CONVERSION = YES;
				GCC_WARN_ABOUT_RETURN_TYPE = YES_ERROR;
				GCC_WARN_UNDECLARED_SELECTOR = YES;
				GCC_WARN_UNINITIALIZED_AUTOS = YES_AGGRESSIVE;
				GCC_WARN_UNUSED_FUNCTION = YES;
				GCC_WARN_UNUSED_VARIABLE = YES;
				IPHONEOS_DEPLOYMENT_TARGET = 13.2;
				MTL_ENABLE_DEBUG_INFO = INCLUDE_SOURCE;
				MTL_FAST_MATH = YES;
				ONLY_ACTIVE_ARCH = YES;
				SDKROOT = iphoneos;
				SWIFT_ACTIVE_COMPILATION_CONDITIONS = DEBUG;
				SWIFT_OPTIMIZATION_LEVEL = "-Onone";
			};
			name = Debug;
		};
		9424EF282423CB5B004E5C24 /* Release */ = {
			isa = XCBuildConfiguration;
			buildSettings = {
				ALWAYS_SEARCH_USER_PATHS = NO;
				CLANG_ANALYZER_NONNULL = YES;
				CLANG_ANALYZER_NUMBER_OBJECT_CONVERSION = YES_AGGRESSIVE;
				CLANG_CXX_LANGUAGE_STANDARD = "gnu++14";
				CLANG_CXX_LIBRARY = "libc++";
				CLANG_ENABLE_MODULES = YES;
				CLANG_ENABLE_OBJC_ARC = YES;
				CLANG_ENABLE_OBJC_WEAK = YES;
				CLANG_WARN_BLOCK_CAPTURE_AUTORELEASING = YES;
				CLANG_WARN_BOOL_CONVERSION = YES;
				CLANG_WARN_COMMA = YES;
				CLANG_WARN_CONSTANT_CONVERSION = YES;
				CLANG_WARN_DEPRECATED_OBJC_IMPLEMENTATIONS = YES;
				CLANG_WARN_DIRECT_OBJC_ISA_USAGE = YES_ERROR;
				CLANG_WARN_DOCUMENTATION_COMMENTS = YES;
				CLANG_WARN_EMPTY_BODY = YES;
				CLANG_WARN_ENUM_CONVERSION = YES;
				CLANG_WARN_INFINITE_RECURSION = YES;
				CLANG_WARN_INT_CONVERSION = YES;
				CLANG_WARN_NON_LITERAL_NULL_CONVERSION = YES;
				CLANG_WARN_OBJC_IMPLICIT_RETAIN_SELF = YES;
				CLANG_WARN_OBJC_LITERAL_CONVERSION = YES;
				CLANG_WARN_OBJC_ROOT_CLASS = YES_ERROR;
				CLANG_WARN_RANGE_LOOP_ANALYSIS = YES;
				CLANG_WARN_STRICT_PROTOTYPES = YES;
				CLANG_WARN_SUSPICIOUS_MOVE = YES;
				CLANG_WARN_UNGUARDED_AVAILABILITY = YES_AGGRESSIVE;
				CLANG_WARN_UNREACHABLE_CODE = YES;
				CLANG_WARN__DUPLICATE_METHOD_MATCH = YES;
				COPY_PHASE_STRIP = NO;
				DEBUG_INFORMATION_FORMAT = "dwarf-with-dsym";
				ENABLE_NS_ASSERTIONS = NO;
				ENABLE_STRICT_OBJC_MSGSEND = YES;
				GCC_C_LANGUAGE_STANDARD = gnu11;
				GCC_NO_COMMON_BLOCKS = YES;
				GCC_WARN_64_TO_32_BIT_CONVERSION = YES;
				GCC_WARN_ABOUT_RETURN_TYPE = YES_ERROR;
				GCC_WARN_UNDECLARED_SELECTOR = YES;
				GCC_WARN_UNINITIALIZED_AUTOS = YES_AGGRESSIVE;
				GCC_WARN_UNUSED_FUNCTION = YES;
				GCC_WARN_UNUSED_VARIABLE = YES;
				IPHONEOS_DEPLOYMENT_TARGET = 13.2;
				MTL_ENABLE_DEBUG_INFO = NO;
				MTL_FAST_MATH = YES;
				SDKROOT = iphoneos;
				SWIFT_COMPILATION_MODE = wholemodule;
				SWIFT_OPTIMIZATION_LEVEL = "-O";
				VALIDATE_PRODUCT = YES;
			};
			name = Release;
		};
		9424EF2A2423CB5B004E5C24 /* Debug */ = {
			isa = XCBuildConfiguration;
			buildSettings = {
				ASSETCATALOG_COMPILER_APPICON_NAME = AppIcon;
				CODE_SIGN_STYLE = Automatic;
				INFOPLIST_FILE = OfflineWebView/Info.plist;
				LD_RUNPATH_SEARCH_PATHS = (
					"$(inherited)",
					"@executable_path/Frameworks",
				);
				PRODUCT_BUNDLE_IDENTIFIER = de.elsaesser.OfflineWebView;
				PRODUCT_NAME = "$(TARGET_NAME)";
				SWIFT_VERSION = 5.0;
				TARGETED_DEVICE_FAMILY = "1,2";
			};
			name = Debug;
		};
		9424EF2B2423CB5B004E5C24 /* Release */ = {
			isa = XCBuildConfiguration;
			buildSettings = {
				ASSETCATALOG_COMPILER_APPICON_NAME = AppIcon;
				CODE_SIGN_STYLE = Automatic;
				INFOPLIST_FILE = OfflineWebView/Info.plist;
				LD_RUNPATH_SEARCH_PATHS = (
					"$(inherited)",
					"@executable_path/Frameworks",
				);
				PRODUCT_BUNDLE_IDENTIFIER = de.elsaesser.OfflineWebView;
				PRODUCT_NAME = "$(TARGET_NAME)";
				SWIFT_VERSION = 5.0;
				TARGETED_DEVICE_FAMILY = "1,2";
			};
			name = Release;
		};
/* End XCBuildConfiguration section */

/* Begin XCConfigurationList section */
		9424EF102423CB58004E5C24 /* Build configuration list for PBXProject "OfflineWebView" */ = {
			isa = XCConfigurationList;
			buildConfigurations = (
				9424EF272423CB5B004E5C24 /* Debug */,
				9424EF282423CB5B004E5C24 /* Release */,
			);
			defaultConfigurationIsVisible = 0;
			defaultConfigurationName = Release;
		};
		9424EF292423CB5B004E5C24 /* Build configuration list for PBXNativeTarget "OfflineWebView" */ = {
			isa = XCConfigurationList;
			buildConfigurations = (
				9424EF2A2423CB5B004E5C24 /* Debug */,
				9424EF2B2423CB5B004E5C24 /* Release */,
			);
			defaultConfigurationIsVisible = 0;
			defaultConfigurationName = Release;
		};
/* End XCConfigurationList section */

/* Begin XCRemoteSwiftPackageReference section */
		945B40AD242B7BB50029C39E /* XCRemoteSwiftPackageReference "WebArchiver" */ = {
			isa = XCRemoteSwiftPackageReference;
			repositoryURL = "https://github.com/ernesto-elsaesser/WebArchiver";
			requirement = {
				branch = master;
				kind = branch;
			};
		};
/* End XCRemoteSwiftPackageReference section */

/* Begin XCSwiftPackageProductDependency section */
		945B40AE242B7BB50029C39E /* WebArchiver */ = {
			isa = XCSwiftPackageProductDependency;
			package = 945B40AD242B7BB50029C39E /* XCRemoteSwiftPackageReference "WebArchiver" */;
			productName = WebArchiver;
		};
/* End XCSwiftPackageProductDependency section */
	};
	rootObject = 9424EF0D2423CB58004E5C24 /* Project object */;
}
