{
  "object": {
    "pins": [
      {
        "package": "Fuzi",
        "repositoryURL": "https://github.com/cezheng/Fuzi",
        "state": {
          "branch": null,
          "revision": "5955a7d9b3bb5f24adb1a46ce8586ba37eee43bc",
          "version": "3.1.2"
        }
      },
      {
        "package": "WebArchiver",
        "repositoryURL": "https://github.com/ernesto-elsaesser/WebArchiver",
        "state": {
          "branch": null,
          "revision": "4c6dbbeb584cfc3b738c58b23871b5f7c23dabda",
          "version": "1.0.0"
        }
      }
    ]
  },
  "version": 1
}
