{
  "originHash" : "9013b66b3e05120bfaa9b54a69fa343937092458499ec0378bc6ac7a87dce33d",
  "pins" : [
    {
      "identity" : "webarchiver",
      "kind" : "remoteSourceControl",
      "location" : "https://github.com/ernesto-elsaesser/WebArchiver",
      "state" : {
        "revision" : "977e347be9b1fbda3aa0db889c3c6035f7bf0ca9",
        "version" : "1.1.0"
      }
    }
  ],
  "version" : 3
}
